Microsoft Visual Studio Solution File, Format Version 12.00
# Visual Studio Version 17
VisualStudioVersion = 17.5.2.0
MinimumVisualStudioVersion = 10.0.40219.1
Project("{FAE04EC0-301F-11D3-BF4B-00C04F79EFBC}") = "NimGameAPI", "NimGameAPI\NimGameAPI.csproj", "{01829CC7-17D8-5503-B1E3-BF342AD8A178}"
EndProject
Global
	GlobalSection(SolutionConfigurationPlatforms) = preSolution
		Debug|Any CPU = Debug|Any CPU
		Release|Any CPU = Release|Any CPU
	EndGlobalSection
	GlobalSection(ProjectConfigurationPlatforms) = postSolution
		{01829CC7-17D8-5503-B1E3-BF342AD8A178}.Debug|Any CPU.ActiveCfg = Debug|Any CPU
		{01829CC7-17D8-5503-B1E3-BF342AD8A178}.Debug|Any CPU.Build.0 = Debug|Any CPU
		{01829CC7-17D8-5503-B1E3-BF342AD8A178}.Release|Any CPU.ActiveCfg = Release|Any CPU
		{01829CC7-17D8-5503-B1E3-BF342AD8A178}.Release|Any CPU.Build.0 = Release|Any CPU
	EndGlobalSection
	GlobalSection(SolutionProperties) = preSolution
		HideSolutionNode = FALSE
	EndGlobalSection
	GlobalSection(ExtensibilityGlobals) = postSolution
		SolutionGuid = {CB30F18C-3048-4384-988F-49C7EAA4C5C7}
	EndGlobalSection
EndGlobal
