Microsoft Visual Studio Solution File, Format Version 12.00
# Visual Studio Version 17
VisualStudioVersion = 17.5.2.0
MinimumVisualStudioVersion = 10.0.40219.1
Project("{FAE04EC0-301F-11D3-BF4B-00C04F79EFBC}") = "NIMGAME", "NIMGAME.csproj", "{BCC4FAD7-6A79-5621-0A2F-BAEB6873A285}"
EndProject
Global
	GlobalSection(SolutionConfigurationPlatforms) = preSolution
		Debug|Any CPU = Debug|Any CPU
		Release|Any CPU = Release|Any CPU
	EndGlobalSection
	GlobalSection(ProjectConfigurationPlatforms) = postSolution
		{BCC4FAD7-6A79-5621-0A2F-BAEB6873A285}.Debug|Any CPU.ActiveCfg = Debug|Any CPU
		{BCC4FAD7-6A79-5621-0A2F-BAEB6873A285}.Debug|Any CPU.Build.0 = Debug|Any CPU
		{BCC4FAD7-6A79-5621-0A2F-BAEB6873A285}.Release|Any CPU.ActiveCfg = Release|Any CPU
		{BCC4FAD7-6A79-5621-0A2F-BAEB6873A285}.Release|Any CPU.Build.0 = Release|Any CPU
	EndGlobalSection
	GlobalSection(SolutionProperties) = preSolution
		HideSolutionNode = FALSE
	EndGlobalSection
	GlobalSection(ExtensibilityGlobals) = postSolution
		SolutionGuid = {B6585D4D-FA12-45F2-B5C9-364CC7616690}
	EndGlobalSection
EndGlobal
